// !$*UTF8*$!
{
	archiveVersion = 1;
	classes = {
	};
	objectVersion = 52;
	objects = {

/* Begin PBXBuildFile section */
		64512ED625DB11A800C9B815 /* HeaderViewModel.swift in Sources */ = {isa = PBXBuildFile; fileRef = 64512ED525DB11A800C9B815 /* HeaderViewModel.swift */; };
		64512ED925DB182B00C9B815 /* README.md in Resources */ = {isa = PBXBuildFile; fileRef = 64512ED825DB182B00C9B815 /* README.md */; };
		64FF323D25DAD41B00C602D8 /* NetflixApp.swift in Sources */ = {isa = PBXBuildFile; fileRef = 64FF323C25DAD41B00C602D8 /* NetflixApp.swift */; };
		64FF323F25DAD41B00C602D8 /* ContentView.swift in Sources */ = {isa = PBXBuildFile; fileRef = 64FF323E25DAD41B00C602D8 /* ContentView.swift */; };
		64FF324125DAD41D00C602D8 /* Assets.xcassets in Resources */ = {isa = PBXBuildFile; fileRef = 64FF324025DAD41D00C602D8 /* Assets.xcassets */; };
		64FF324425DAD41D00C602D8 /* Preview Assets.xcassets in Resources */ = {isa = PBXBuildFile; fileRef = 64FF324325DAD41D00C602D8 /* Preview Assets.xcassets */; };
		64FF324D25DAD42B00C602D8 /* HomeView.swift in Sources */ = {isa = PBXBuildFile; fileRef = 64FF324C25DAD42B00C602D8 /* HomeView.swift */; };
		64FF325225DAD96F00C602D8 /* HeaderView.swift in Sources */ = {isa = PBXBuildFile; fileRef = 64FF325125DAD96F00C602D8 /* HeaderView.swift */; };
		64FF325725DAE39800C602D8 /* HomeViewModel.swift in Sources */ = {isa = PBXBuildFile; fileRef = 64FF325625DAE39800C602D8 /* HomeViewModel.swift */; };
		64FF325B25DAE3BD00C602D8 /* Movie.swift in Sources */ = {isa = PBXBuildFile; fileRef = 64FF325A25DAE3BD00C602D8 /* Movie.swift */; };
		64FF326025DAE42000C602D8 /* Discover.swift in Sources */ = {isa = PBXBuildFile; fileRef = 64FF325F25DAE42000C602D8 /* Discover.swift */; };
		64FF326425DAE45000C602D8 /* Genre.swift in Sources */ = {isa = PBXBuildFile; fileRef = 64FF326325DAE45000C602D8 /* Genre.swift */; };
		64FF326725DAE47000C602D8 /* Constants.swift in Sources */ = {isa = PBXBuildFile; fileRef = 64FF326625DAE47000C602D8 /* Constants.swift */; };
		64FF326A25DAE8C500C602D8 /* ThumbsView.swift in Sources */ = {isa = PBXBuildFile; fileRef = 64FF326925DAE8C500C602D8 /* ThumbsView.swift */; };
		64FF326E25DAEA3C00C602D8 /* SDWebImageSwiftUI in Frameworks */ = {isa = PBXBuildFile; productRef = 64FF326D25DAEA3C00C602D8 /* SDWebImageSwiftUI */; };
		64FF327125DAEB5D00C602D8 /* FeaturedView.swift in Sources */ = {isa = PBXBuildFile; fileRef = 64FF327025DAEB5D00C602D8 /* FeaturedView.swift */; };
/* End PBXBuildFile section */

/* Begin PBXFileReference section */
		64512ED525DB11A800C9B815 /* HeaderViewModel.swift */ = {isa = PBXFileReference; fileEncoding = 4; lastKnownFileType = sourcecode.swift; path = HeaderViewModel.swift; sourceTree = "<group>"; };
		64512ED825DB182B00C9B815 /* README.md */ = {isa = PBXFileReference; lastKnownFileType = net.daringfireball.markdown; path = README.md; sourceTree = "<group>"; };
		64FF323925DAD41B00C602D8 /* Netflix.app */ = {isa = PBXFileReference; explicitFileType = wrapper.application; includeInIndex = 0; path = Netflix.app; sourceTree = BUILT_PRODUCTS_DIR; };
		64FF323C25DAD41B00C602D8 /* NetflixApp.swift */ = {isa = PBXFileReference; lastKnownFileType = sourcecode.swift; path = NetflixApp.swift; sourceTree = "<group>"; };
		64FF323E25DAD41B00C602D8 /* ContentView.swift */ = {isa = PBXFileReference; lastKnownFileType = sourcecode.swift; path = ContentView.swift; sourceTree = "<group>"; };
		64FF324025DAD41D00C602D8 /* Assets.xcassets */ = {isa = PBXFileReference; lastKnownFileType = folder.assetcatalog; path = Assets.xcassets; sourceTree = "<group>"; };
		64FF324325DAD41D00C602D8 /* Preview Assets.xcassets */ = {isa = PBXFileReference; lastKnownFileType = folder.assetcatalog; path = "Preview Assets.xcassets"; sourceTree = "<group>"; };
		64FF324525DAD41D00C602D8 /* Info.plist */ = {isa = PBXFileReference; lastKnownFileType = text.plist.xml; path = Info.plist; sourceTree = "<group>"; };
		64FF324C25DAD42B00C602D8 /* HomeView.swift */ = {isa = PBXFileReference; lastKnownFileType = sourcecode.swift; path = HomeView.swift; sourceTree = "<group>"; };
		64FF325125DAD96F00C602D8 /* HeaderView.swift */ = {isa = PBXFileReference; lastKnownFileType = sourcecode.swift; path = HeaderView.swift; sourceTree = "<group>"; };
		64FF325625DAE39800C602D8 /* HomeViewModel.swift */ = {isa = PBXFileReference; fileEncoding = 4; lastKnownFileType = sourcecode.swift; path = HomeViewModel.swift; sourceTree = "<group>"; };
		64FF325A25DAE3BD00C602D8 /* Movie.swift */ = {isa = PBXFileReference; fileEncoding = 4; lastKnownFileType = sourcecode.swift; path = Movie.swift; sourceTree = "<group>"; };
		64FF325F25DAE42000C602D8 /* Discover.swift */ = {isa = PBXFileReference; fileEncoding = 4; lastKnownFileType = sourcecode.swift; path = Discover.swift; sourceTree = "<group>"; };
		64FF326325DAE45000C602D8 /* Genre.swift */ = {isa = PBXFileReference; fileEncoding = 4; lastKnownFileType = sourcecode.swift; path = Genre.swift; sourceTree = "<group>"; };
		64FF326625DAE47000C602D8 /* Constants.swift */ = {isa = PBXFileReference; fileEncoding = 4; lastKnownFileType = sourcecode.swift; path = Constants.swift; sourceTree = "<group>"; };
		64FF326925DAE8C500C602D8 /* ThumbsView.swift */ = {isa = PBXFileReference; lastKnownFileType = sourcecode.swift; path = ThumbsView.swift; sourceTree = "<group>"; };
		64FF327025DAEB5D00C602D8 /* FeaturedView.swift */ = {isa = PBXFileReference; lastKnownFileType = sourcecode.swift; path = FeaturedView.swift; sourceTree = "<group>"; };
/* End PBXFileReference section */

/* Begin PBXFrameworksBuildPhase section */
		64FF323625DAD41B00C602D8 /* Frameworks */ = {
			isa = PBXFrameworksBuildPhase;
			buildActionMask = 2147483647;
			files = (
				64FF326E25DAEA3C00C602D8 /* SDWebImageSwiftUI in Frameworks */,
			);
			runOnlyForDeploymentPostprocessing = 0;
		};
/* End PBXFrameworksBuildPhase section */

/* Begin PBXGroup section */
		64FF323025DAD41B00C602D8 = {
			isa = PBXGroup;
			children = (
				64512ED825DB182B00C9B815 /* README.md */,
				64FF323B25DAD41B00C602D8 /* Netflix */,
				64FF323A25DAD41B00C602D8 /* Products */,
			);
			sourceTree = "<group>";
		};
		64FF323A25DAD41B00C602D8 /* Products */ = {
			isa = PBXGroup;
			children = (
				64FF323925DAD41B00C602D8 /* Netflix.app */,
			);
			name = Products;
			sourceTree = "<group>";
		};
		64FF323B25DAD41B00C602D8 /* Netflix */ = {
			isa = PBXGroup;
			children = (
				64FF323C25DAD41B00C602D8 /* NetflixApp.swift */,
				64FF323E25DAD41B00C602D8 /* ContentView.swift */,
				64FF324F25DAD42E00C602D8 /* View */,
				64FF325925DAE39A00C602D8 /* ViewModel */,
				64FF325D25DAE3C000C602D8 /* Model */,
				64FF324025DAD41D00C602D8 /* Assets.xcassets */,
				64FF324525DAD41D00C602D8 /* Info.plist */,
				64FF324225DAD41D00C602D8 /* Preview Content */,
			);
			path = Netflix;
			sourceTree = "<group>";
		};
		64FF324225DAD41D00C602D8 /* Preview Content */ = {
			isa = PBXGroup;
			children = (
				64FF324325DAD41D00C602D8 /* Preview Assets.xcassets */,
			);
			path = "Preview Content";
			sourceTree = "<group>";
		};
		64FF324F25DAD42E00C602D8 /* View */ = {
			isa = PBXGroup;
			children = (
				64FF324C25DAD42B00C602D8 /* HomeView.swift */,
				64FF325125DAD96F00C602D8 /* HeaderView.swift */,
				64FF327025DAEB5D00C602D8 /* FeaturedView.swift */,
				64FF326925DAE8C500C602D8 /* ThumbsView.swift */,
			);
			path = View;
			sourceTree = "<group>";
		};
		64FF325925DAE39A00C602D8 /* ViewModel */ = {
			isa = PBXGroup;
			children = (
				64FF326625DAE47000C602D8 /* Constants.swift */,
				64FF325625DAE39800C602D8 /* HomeViewModel.swift */,
				64512ED525DB11A800C9B815 /* HeaderViewModel.swift */,
			);
			path = ViewModel;
			sourceTree = "<group>";
		};
		64FF325D25DAE3C000C602D8 /* Model */ = {
			isa = PBXGroup;
			children = (
				64FF325A25DAE3BD00C602D8 /* Movie.swift */,
				64FF326325DAE45000C602D8 /* Genre.swift */,
				64FF325F25DAE42000C602D8 /* Discover.swift */,
			);
			path = Model;
			sourceTree = "<group>";
		};
/* End PBXGroup section */

/* Begin PBXNativeTarget section */
		64FF323825DAD41B00C602D8 /* Netflix */ = {
			isa = PBXNativeTarget;
			buildConfigurationList = 64FF324825DAD41D00C602D8 /* Build configuration list for PBXNativeTarget "Netflix" */;
			buildPhases = (
				64FF323525DAD41B00C602D8 /* Sources */,
				64FF323625DAD41B00C602D8 /* Frameworks */,
				64FF323725DAD41B00C602D8 /* Resources */,
			);
			buildRules = (
			);
			dependencies = (
			);
			name = Netflix;
			packageProductDependencies = (
				64FF326D25DAEA3C00C602D8 /* SDWebImageSwiftUI */,
			);
			productName = Netflix;
			productReference = 64FF323925DAD41B00C602D8 /* Netflix.app */;
			productType = "com.apple.product-type.application";
		};
/* End PBXNativeTarget section */

/* Begin PBXProject section */
		64FF323125DAD41B00C602D8 /* Project object */ = {
			isa = PBXProject;
			attributes = {
				LastSwiftUpdateCheck = 1240;
				LastUpgradeCheck = 1240;
				TargetAttributes = {
					64FF323825DAD41B00C602D8 = {
						CreatedOnToolsVersion = 12.4;
					};
				};
			};
			buildConfigurationList = 64FF323425DAD41B00C602D8 /* Build configuration list for PBXProject "Netflix" */;
			compatibilityVersion = "Xcode 9.3";
			developmentRegion = en;
			hasScannedForEncodings = 0;
			knownRegions = (
				en,
				Base,
			);
			mainGroup = 64FF323025DAD41B00C602D8;
			packageReferences = (
				64FF326C25DAEA3C00C602D8 /* XCRemoteSwiftPackageReference "SDWebImageSwiftUI" */,
			);
			productRefGroup = 64FF323A25DAD41B00C602D8 /* Products */;
			projectDirPath = "";
			projectRoot = "";
			targets = (
				64FF323825DAD41B00C602D8 /* Netflix */,
			);
		};
/* End PBXProject section */

/* Begin PBXResourcesBuildPhase section */
		64FF323725DAD41B00C602D8 /* Resources */ = {
			isa = PBXResourcesBuildPhase;
			buildActionMask = 2147483647;
			files = (
				64512ED925DB182B00C9B815 /* README.md in Resources */,
				64FF324425DAD41D00C602D8 /* Preview Assets.xcassets in Resources */,
				64FF324125DAD41D00C602D8 /* Assets.xcassets in Resources */,
			);
			runOnlyForDeploymentPostprocessing = 0;
		};
/* End PBXResourcesBuildPhase section */

/* Begin PBXSourcesBuildPhase section */
		64FF323525DAD41B00C602D8 /* Sources */ = {
			isa = PBXSourcesBuildPhase;
			buildActionMask = 2147483647;
			files = (
				64FF324D25DAD42B00C602D8 /* HomeView.swift in Sources */,
				64FF323F25DAD41B00C602D8 /* ContentView.swift in Sources */,
				64FF325B25DAE3BD00C602D8 /* Movie.swift in Sources */,
				64FF323D25DAD41B00C602D8 /* NetflixApp.swift in Sources */,
				64FF326025DAE42000C602D8 /* Discover.swift in Sources */,
				64512ED625DB11A800C9B815 /* HeaderViewModel.swift in Sources */,
				64FF325725DAE39800C602D8 /* HomeViewModel.swift in Sources */,
				64FF325225DAD96F00C602D8 /* HeaderView.swift in Sources */,
				64FF327125DAEB5D00C602D8 /* FeaturedView.swift in Sources */,
				64FF326425DAE45000C602D8 /* Genre.swift in Sources */,
				64FF326725DAE47000C602D8 /* Constants.swift in Sources */,
				64FF326A25DAE8C500C602D8 /* ThumbsView.swift in Sources */,
			);
			runOnlyForDeploymentPostprocessing = 0;
		};
/* End PBXSourcesBuildPhase section */

/* Begin XCBuildConfiguration section */
		64FF324625DAD41D00C602D8 /* Debug */ = {
			isa = XCBuildConfiguration;
			buildSettings = {
				ALWAYS_SEARCH_USER_PATHS = NO;
				CLANG_ANALYZER_NONNULL = YES;
				CLANG_ANALYZER_NUMBER_OBJECT_CONVERSION = YES_AGGRESSIVE;
				CLANG_CXX_LANGUAGE_STANDARD = "gnu++14";
				CLANG_CXX_LIBRARY = "libc++";
				CLANG_ENABLE_MODULES = YES;
				CLANG_ENABLE_OBJC_ARC = YES;
				CLANG_ENABLE_OBJC_WEAK = YES;
				CLANG_WARN_BLOCK_CAPTURE_AUTORELEASING = YES;
				CLANG_WARN_BOOL_CONVERSION = YES;
				CLANG_WARN_COMMA = YES;
				CLANG_WARN_CONSTANT_CONVERSION = YES;
				CLANG_WARN_DEPRECATED_OBJC_IMPLEMENTATIONS = YES;
				CLANG_WARN_DIRECT_OBJC_ISA_USAGE = YES_ERROR;
				CLANG_WARN_DOCUMENTATION_COMMENTS = YES;
				CLANG_WARN_EMPTY_BODY = YES;
				CLANG_WARN_ENUM_CONVERSION = YES;
				CLANG_WARN_INFINITE_RECURSION = YES;
				CLANG_WARN_INT_CONVERSION = YES;
				CLANG_WARN_NON_LITERAL_NULL_CONVERSION = YES;
				CLANG_WARN_OBJC_IMPLICIT_RETAIN_SELF = YES;
				CLANG_WARN_OBJC_LITERAL_CONVERSION = YES;
				CLANG_WARN_OBJC_ROOT_CLASS = YES_ERROR;
				CLANG_WARN_QUOTED_INCLUDE_IN_FRAMEWORK_HEADER = YES;
				CLANG_WARN_RANGE_LOOP_ANALYSIS = YES;
				CLANG_WARN_STRICT_PROTOTYPES = YES;
				CLANG_WARN_SUSPICIOUS_MOVE = YES;
				CLANG_WARN_UNGUARDED_AVAILABILITY = YES_AGGRESSIVE;
				CLANG_WARN_UNREACHABLE_CODE = YES;
				CLANG_WARN__DUPLICATE_METHOD_MATCH = YES;
				COPY_PHASE_STRIP = NO;
				DEBUG_INFORMATION_FORMAT = dwarf;
				ENABLE_STRICT_OBJC_MSGSEND = YES;
				ENABLE_TESTABILITY = YES;
				GCC_C_LANGUAGE_STANDARD = gnu11;
				GCC_DYNAMIC_NO_PIC = NO;
				GCC_NO_COMMON_BLOCKS = YES;
				GCC_OPTIMIZATION_LEVEL = 0;
				GCC_PREPROCESSOR_DEFINITIONS = (
					"DEBUG=1",
					"$(inherited)",
				);
				GCC_WARN_64_TO_32_BIT_CONVERSION = YES;
				GCC_WARN_ABOUT_RETURN_TYPE = YES_ERROR;
				GCC_WARN_UNDECLARED_SELECTOR = YES;
				GCC_WARN_UNINITIALIZED_AUTOS = YES_AGGRESSIVE;
				GCC_WARN_UNUSED_FUNCTION = YES;
				GCC_WARN_UNUSED_VARIABLE = YES;
				IPHONEOS_DEPLOYMENT_TARGET = 14.4;
				MTL_ENABLE_DEBUG_INFO = INCLUDE_SOURCE;
				MTL_FAST_MATH = YES;
				ONLY_ACTIVE_ARCH = YES;
				SDKROOT = iphoneos;
				SWIFT_ACTIVE_COMPILATION_CONDITIONS = DEBUG;
				SWIFT_OPTIMIZATION_LEVEL = "-Onone";
			};
			name = Debug;
		};
		64FF324725DAD41D00C602D8 /* Release */ = {
			isa = XCBuildConfiguration;
			buildSettings = {
				ALWAYS_SEARCH_USER_PATHS = NO;
				CLANG_ANALYZER_NONNULL = YES;
				CLANG_ANALYZER_NUMBER_OBJECT_CONVERSION = YES_AGGRESSIVE;
				CLANG_CXX_LANGUAGE_STANDARD = "gnu++14";
				CLANG_CXX_LIBRARY = "libc++";
				CLANG_ENABLE_MODULES = YES;
				CLANG_ENABLE_OBJC_ARC = YES;
				CLANG_ENABLE_OBJC_WEAK = YES;
				CLANG_WARN_BLOCK_CAPTURE_AUTORELEASING = YES;
				CLANG_WARN_BOOL_CONVERSION = YES;
				CLANG_WARN_COMMA = YES;
				CLANG_WARN_CONSTANT_CONVERSION = YES;
				CLANG_WARN_DEPRECATED_OBJC_IMPLEMENTATIONS = YES;
				CLANG_WARN_DIRECT_OBJC_ISA_USAGE = YES_ERROR;
				CLANG_WARN_DOCUMENTATION_COMMENTS = YES;
				CLANG_WARN_EMPTY_BODY = YES;
				CLANG_WARN_ENUM_CONVERSION = YES;
				CLANG_WARN_INFINITE_RECURSION = YES;
				CLANG_WARN_INT_CONVERSION = YES;
				CLANG_WARN_NON_LITERAL_NULL_CONVERSION = YES;
				CLANG_WARN_OBJC_IMPLICIT_RETAIN_SELF = YES;
				CLANG_WARN_OBJC_LITERAL_CONVERSION = YES;
				CLANG_WARN_OBJC_ROOT_CLASS = YES_ERROR;
				CLANG_WARN_QUOTED_INCLUDE_IN_FRAMEWORK_HEADER = YES;
				CLANG_WARN_RANGE_LOOP_ANALYSIS = YES;
				CLANG_WARN_STRICT_PROTOTYPES = YES;
				CLANG_WARN_SUSPICIOUS_MOVE = YES;
				CLANG_WARN_UNGUARDED_AVAILABILITY = YES_AGGRESSIVE;
				CLANG_WARN_UNREACHABLE_CODE = YES;
				CLANG_WARN__DUPLICATE_METHOD_MATCH = YES;
				COPY_PHASE_STRIP = NO;
				DEBUG_INFORMATION_FORMAT = "dwarf-with-dsym";
				ENABLE_NS_ASSERTIONS = NO;
				ENABLE_STRICT_OBJC_MSGSEND = YES;
				GCC_C_LANGUAGE_STANDARD = gnu11;
				GCC_NO_COMMON_BLOCKS = YES;
				GCC_WARN_64_TO_32_BIT_CONVERSION = YES;
				GCC_WARN_ABOUT_RETURN_TYPE = YES_ERROR;
				GCC_WARN_UNDECLARED_SELECTOR = YES;
				GCC_WARN_UNINITIALIZED_AUTOS = YES_AGGRESSIVE;
				GCC_WARN_UNUSED_FUNCTION = YES;
				GCC_WARN_UNUSED_VARIABLE = YES;
				IPHONEOS_DEPLOYMENT_TARGET = 14.4;
				MTL_ENABLE_DEBUG_INFO = NO;
				MTL_FAST_MATH = YES;
				SDKROOT = iphoneos;
				SWIFT_COMPILATION_MODE = wholemodule;
				SWIFT_OPTIMIZATION_LEVEL = "-O";
				VALIDATE_PRODUCT = YES;
			};
			name = Release;
		};
		64FF324925DAD41D00C602D8 /* Debug */ = {
			isa = XCBuildConfiguration;
			buildSettings = {
				ASSETCATALOG_COMPILER_APPICON_NAME = AppIcon;
				ASSETCATALOG_COMPILER_GLOBAL_ACCENT_COLOR_NAME = AccentColor;
				CODE_SIGN_STYLE = Automatic;
				DEVELOPMENT_ASSET_PATHS = "\"Netflix/Preview Content\"";
				ENABLE_PREVIEWS = YES;
				INFOPLIST_FILE = Netflix/Info.plist;
				IPHONEOS_DEPLOYMENT_TARGET = 14.0;
				LD_RUNPATH_SEARCH_PATHS = (
					"$(inherited)",
					"@executable_path/Frameworks",
				);
				PRODUCT_BUNDLE_IDENTIFIER = io.github.rphlfc.Netflix;
				PRODUCT_NAME = "$(TARGET_NAME)";
				SWIFT_VERSION = 5.0;
				TARGETED_DEVICE_FAMILY = "1,2";
			};
			name = Debug;
		};
		64FF324A25DAD41D00C602D8 /* Release */ = {
			isa = XCBuildConfiguration;
			buildSettings = {
				ASSETCATALOG_COMPILER_APPICON_NAME = AppIcon;
				ASSETCATALOG_COMPILER_GLOBAL_ACCENT_COLOR_NAME = AccentColor;
				CODE_SIGN_STYLE = Automatic;
				DEVELOPMENT_ASSET_PATHS = "\"Netflix/Preview Content\"";
				ENABLE_PREVIEWS = YES;
				INFOPLIST_FILE = Netflix/Info.plist;
				IPHONEOS_DEPLOYMENT_TARGET = 14.0;
				LD_RUNPATH_SEARCH_PATHS = (
					"$(inherited)",
					"@executable_path/Frameworks",
				);
				PRODUCT_BUNDLE_IDENTIFIER = io.github.rphlfc.Netflix;
				PRODUCT_NAME = "$(TARGET_NAME)";
				SWIFT_VERSION = 5.0;
				TARGETED_DEVICE_FAMILY = "1,2";
			};
			name = Release;
		};
/* End XCBuildConfiguration section */

/* Begin XCConfigurationList section */
		64FF323425DAD41B00C602D8 /* Build configuration list for PBXProject "Netflix" */ = {
			isa = XCConfigurationList;
			buildConfigurations = (
				64FF324625DAD41D00C602D8 /* Debug */,
				64FF324725DAD41D00C602D8 /* Release */,
			);
			defaultConfigurationIsVisible = 0;
			defaultConfigurationName = Release;
		};
		64FF324825DAD41D00C602D8 /* Build configuration list for PBXNativeTarget "Netflix" */ = {
			isa = XCConfigurationList;
			buildConfigurations = (
				64FF324925DAD41D00C602D8 /* Debug */,
				64FF324A25DAD41D00C602D8 /* Release */,
			);
			defaultConfigurationIsVisible = 0;
			defaultConfigurationName = Release;
		};
/* End XCConfigurationList section */

/* Begin XCRemoteSwiftPackageReference section */
		64FF326C25DAEA3C00C602D8 /* XCRemoteSwiftPackageReference "SDWebImageSwiftUI" */ = {
			isa = XCRemoteSwiftPackageReference;
			repositoryURL = "https://github.com/SDWebImage/SDWebImageSwiftUI.git";
			requirement = {
				kind = upToNextMajorVersion;
				minimumVersion = 1.5.0;
			};
		};
/* End XCRemoteSwiftPackageReference section */

/* Begin XCSwiftPackageProductDependency section */
		64FF326D25DAEA3C00C602D8 /* SDWebImageSwiftUI */ = {
			isa = XCSwiftPackageProductDependency;
			package = 64FF326C25DAEA3C00C602D8 /* XCRemoteSwiftPackageReference "SDWebImageSwiftUI" */;
			productName = SDWebImageSwiftUI;
		};
/* End XCSwiftPackageProductDependency section */
	};
	rootObject = 64FF323125DAD41B00C602D8 /* Project object */;
}
